{
  "lockfile_version": "1",
  "packages": {
    "github:NixOS/nixpkgs/nixpkgs-unstable": {
      "last_modified": "2026-07-13T16:51:43Z",
      "resolved": "github:NixOS/nixpkgs/8431ff8a526bba781b711db7ae58ad0e49c38e35?lastModified=1783961503&narHash=sha256-w2mhNul1naH3kbPjnMs%2FrvVA0gFHeCUs8NzmFrA%2BLUA%3D"
    },
    "kubernetes-helm@latest": {
      "last_modified": "2026-07-11T07:21:12Z",
      "resolved": "github:NixOS/nixpkgs/770b9bbb84018993c8f009d437fff6c2e3077037#kubernetes-helm",
      "source": "devbox-search",
      "version": "4.2.3",
      "systems": {
        "aarch64-darwin": {
          "outputs": [
            {
              "name": "out",
              "path": "/nix/store/jg1p2gzhrgg5d0wfdv45j1144q3ms3i2-kubernetes-helm-4.2.3",
              "default": true
            }
          ],
          "store_path": "/nix/store/jg1p2gzhrgg5d0wfdv45j1144q3ms3i2-kubernetes-helm-4.2.3"
        },
        "aarch64-linux": {
          "outputs": [
            {
              "name": "out",
              "path": "/nix/store/0fmrj3fq2j2l95cj12pw1bkni4nihwsl-kubernetes-helm-4.2.3",
              "default": true
            }
          ],
          "store_path": "/nix/store/0fmrj3fq2j2l95cj12pw1bkni4nihwsl-kubernetes-helm-4.2.3"
        },
        "x86_64-linux": {
          "outputs": [
            {
              "name": "out",
              "path": "/nix/store/7vgl8w4ma0pl7f32n0rjgnmj6xalmiac-kubernetes-helm-4.2.3",
              "default": true
            }
          ],
          "store_path": "/nix/store/7vgl8w4ma0pl7f32n0rjgnmj6xalmiac-kubernetes-helm-4.2.3"
        }
      }
    }
  }
}
