dependencies:
- name: opentelemetry-kube-stack
  repository: https://open-telemetry.github.io/opentelemetry-helm-charts
  version: 0.20.0
- name: jaeger
  repository: https://jaegertracing.github.io/helm-charts
  version: 4.11.1
digest: sha256:16fa0d15476d8d0f3e8e46f620ef3a334264ade84f9b1677d58652fdaa822e9a
generated: "2026-07-29T11:16:46.759001+02:00"
